
Microsoft Visual Studio Solution File, Format Version 12.00
# Visual Studio Version 16
VisualStudioVersion = 16.0.29519.87
MinimumVisualStudioVersion = 10.0.40219.1
Project("{FAE04EC0-301F-11D3-BF4B-00C04F79EFBC}") = "MLDotnet", "MLDotnet\MLDotnet.csproj", "{C459971C-509B-4916-B716-ADCA37EAE759}"
EndProject
Global
	GlobalSection(SolutionConfigurationPlatforms) = preSolution
		Debug|Any CPU = Debug|Any CPU
		Release|Any CPU = Release|Any CPU
	EndGlobalSection
	GlobalSection(ProjectConfigurationPlatforms) = postSolution
		{C459971C-509B-4916-B716-ADCA37EAE759}.Debug|Any CPU.ActiveCfg = Debug|Any CPU
		{C459971C-509B-4916-B716-ADCA37EAE759}.Debug|Any CPU.Build.0 = Debug|Any CPU
		{C459971C-509B-4916-B716-ADCA37EAE759}.Release|Any CPU.ActiveCfg = Release|Any CPU
		{C459971C-509B-4916-B716-ADCA37EAE759}.Release|Any CPU.Build.0 = Release|Any CPU
	EndGlobalSection
	GlobalSection(SolutionProperties) = preSolution
		HideSolutionNode = FALSE
	EndGlobalSection
	GlobalSection(ExtensibilityGlobals) = postSolution
		SolutionGuid = {891BD178-4CC2-4C96-BDE0-771CC8EE0B50}
	EndGlobalSection
EndGlobal
